// !$*UTF8*$!
{
	archiveVersion = 1;
	classes = {
	};
	objectVersion = 50;
	objects = {

/* Begin PBXBuildFile section */
		BA172CB223F6664400985BE2 /* AppDelegate.swift in Sources */ = {isa = PBXBuildFile; fileRef = BA172CB123F6664400985BE2 /* AppDelegate.swift */; };
		BA172CB423F6664400985BE2 /* SceneDelegate.swift in Sources */ = {isa = PBXBuildFile; fileRef = BA172CB323F6664400985BE2 /* SceneDelegate.swift */; };
		BA172CB623F6664400985BE2 /* ContentView.swift in Sources */ = {isa = PBXBuildFile; fileRef = BA172CB523F6664400985BE2 /* ContentView.swift */; };
		BA172CB823F6664500985BE2 /* Assets.xcassets in Resources */ = {isa = PBXBuildFile; fileRef = BA172CB723F6664500985BE2 /* Assets.xcassets */; };
		BA172CBB23F6664500985BE2 /* Preview Assets.xcassets in Resources */ = {isa = PBXBuildFile; fileRef = BA172CBA23F6664500985BE2 /* Preview Assets.xcassets */; };
		BA172CBE23F6664500985BE2 /* LaunchScreen.storyboard in Resources */ = {isa = PBXBuildFile; fileRef = BA172CBC23F6664500985BE2 /* LaunchScreen.storyboard */; };
		BA172CC923F6664600985BE2 /* AppleMapSampleTests.swift in Sources */ = {isa = PBXBuildFile; fileRef = BA172CC823F6664600985BE2 /* AppleMapSampleTests.swift */; };
		BA172CD423F6664600985BE2 /* AppleMapSampleUITests.swift in Sources */ = {isa = PBXBuildFile; fileRef = BA172CD323F6664600985BE2 /* AppleMapSampleUITests.swift */; };
/* End PBXBuildFile section */

/* Begin PBXContainerItemProxy section */
		BA172CC523F6664600985BE2 /* PBXContainerItemProxy */ = {
			isa = PBXContainerItemProxy;
			containerPortal = BA172CA623F6664400985BE2 /* Project object */;
			proxyType = 1;
			remoteGlobalIDString = BA172CAD23F6664400985BE2;
			remoteInfo = AppleMapSample;
		};
		BA172CD023F6664600985BE2 /* PBXContainerItemProxy */ = {
			isa = PBXContainerItemProxy;
			containerPortal = BA172CA623F6664400985BE2 /* Project object */;
			proxyType = 1;
			remoteGlobalIDString = BA172CAD23F6664400985BE2;
			remoteInfo = AppleMapSample;
		};
/* End PBXContainerItemProxy section */

/* Begin PBXFileReference section */
		BA172CAE23F6664400985BE2 /* AppleMapSample.app */ = {isa = PBXFileReference; explicitFileType = wrapper.application; includeInIndex = 0; path = AppleMapSample.app; sourceTree = BUILT_PRODUCTS_DIR; };
		BA172CB123F6664400985BE2 /* AppDelegate.swift */ = {isa = PBXFileReference; lastKnownFileType = sourcecode.swift; path = AppDelegate.swift; sourceTree = "<group>"; };
		BA172CB323F6664400985BE2 /* SceneDelegate.swift */ = {isa = PBXFileReference; lastKnownFileType = sourcecode.swift; path = SceneDelegate.swift; sourceTree = "<group>"; };
		BA172CB523F6664400985BE2 /* ContentView.swift */ = {isa = PBXFileReference; lastKnownFileType = sourcecode.swift; path = ContentView.swift; sourceTree = "<group>"; };
		BA172CB723F6664500985BE2 /* Assets.xcassets */ = {isa = PBXFileReference; lastKnownFileType = folder.assetcatalog; path = Assets.xcassets; sourceTree = "<group>"; };
		BA172CBA23F6664500985BE2 /* Preview Assets.xcassets */ = {isa = PBXFileReference; lastKnownFileType = folder.assetcatalog; path = "Preview Assets.xcassets"; sourceTree = "<group>"; };
		BA172CBD23F6664500985BE2 /* Base */ = {isa = PBXFileReference; lastKnownFileType = file.storyboard; name = Base; path = Base.lproj/LaunchScreen.storyboard; sourceTree = "<group>"; };
		BA172CBF23F6664500985BE2 /* Info.plist */ = {isa = PBXFileReference; lastKnownFileType = text.plist.xml; path = Info.plist; sourceTree = "<group>"; };
		BA172CC423F6664600985BE2 /* AppleMapSampleTests.xctest */ = {isa = PBXFileReference; explicitFileType = wrapper.cfbundle; includeInIndex = 0; path = AppleMapSampleTests.xctest; sourceTree = BUILT_PRODUCTS_DIR; };
		BA172CC823F6664600985BE2 /* AppleMapSampleTests.swift */ = {isa = PBXFileReference; lastKnownFileType = sourcecode.swift; path = AppleMapSampleTests.swift; sourceTree = "<group>"; };
		BA172CCA23F6664600985BE2 /* Info.plist */ = {isa = PBXFileReference; lastKnownFileType = text.plist.xml; path = Info.plist; sourceTree = "<group>"; };
		BA172CCF23F6664600985BE2 /* AppleMapSampleUITests.xctest */ = {isa = PBXFileReference; explicitFileType = wrapper.cfbundle; includeInIndex = 0; path = AppleMapSampleUITests.xctest; sourceTree = BUILT_PRODUCTS_DIR; };
		BA172CD323F6664600985BE2 /* AppleMapSampleUITests.swift */ = {isa = PBXFileReference; lastKnownFileType = sourcecode.swift; path = AppleMapSampleUITests.swift; sourceTree = "<group>"; };
		BA172CD523F6664600985BE2 /* Info.plist */ = {isa = PBXFileReference; lastKnownFileType = text.plist.xml; path = Info.plist; sourceTree = "<group>"; };
/* End PBXFileReference section */

/* Begin PBXFrameworksBuildPhase section */
		BA172CAB23F6664400985BE2 /* Frameworks */ = {
			isa = PBXFrameworksBuildPhase;
			buildActionMask = 2147483647;
			files = (
			);
			runOnlyForDeploymentPostprocessing = 0;
		};
		BA172CC123F6664600985BE2 /* Frameworks */ = {
			isa = PBXFrameworksBuildPhase;
			buildActionMask = 2147483647;
			files = (
			);
			runOnlyForDeploymentPostprocessing = 0;
		};
		BA172CCC23F6664600985BE2 /* Frameworks */ = {
			isa = PBXFrameworksBuildPhase;
			buildActionMask = 2147483647;
			files = (
			);
			runOnlyForDeploymentPostprocessing = 0;
		};
/* End PBXFrameworksBuildPhase section */

/* Begin PBXGroup section */
		BA172CA523F6664400985BE2 = {
			isa = PBXGroup;
			children = (
				BA172CB023F6664400985BE2 /* AppleMapSample */,
				BA172CC723F6664600985BE2 /* AppleMapSampleTests */,
				BA172CD223F6664600985BE2 /* AppleMapSampleUITests */,
				BA172CAF23F6664400985BE2 /* Products */,
			);
			sourceTree = "<group>";
		};
		BA172CAF23F6664400985BE2 /* Products */ = {
			isa = PBXGroup;
			children = (
				BA172CAE23F6664400985BE2 /* AppleMapSample.app */,
				BA172CC423F6664600985BE2 /* AppleMapSampleTests.xctest */,
				BA172CCF23F6664600985BE2 /* AppleMapSampleUITests.xctest */,
			);
			name = Products;
			sourceTree = "<group>";
		};
		BA172CB023F6664400985BE2 /* AppleMapSample */ = {
			isa = PBXGroup;
			children = (
				BA172CB123F6664400985BE2 /* AppDelegate.swift */,
				BA172CB323F6664400985BE2 /* SceneDelegate.swift */,
				BA172CB523F6664400985BE2 /* ContentView.swift */,
				BA172CB723F6664500985BE2 /* Assets.xcassets */,
				BA172CBC23F6664500985BE2 /* LaunchScreen.storyboard */,
				BA172CBF23F6664500985BE2 /* Info.plist */,
				BA172CB923F6664500985BE2 /* Preview Content */,
			);
			path = AppleMapSample;
			sourceTree = "<group>";
		};
		BA172CB923F6664500985BE2 /* Preview Content */ = {
			isa = PBXGroup;
			children = (
				BA172CBA23F6664500985BE2 /* Preview Assets.xcassets */,
			);
			path = "Preview Content";
			sourceTree = "<group>";
		};
		BA172CC723F6664600985BE2 /* AppleMapSampleTests */ = {
			isa = PBXGroup;
			children = (
				BA172CC823F6664600985BE2 /* AppleMapSampleTests.swift */,
				BA172CCA23F6664600985BE2 /* Info.plist */,
			);
			path = AppleMapSampleTests;
			sourceTree = "<group>";
		};
		BA172CD223F6664600985BE2 /* AppleMapSampleUITests */ = {
			isa = PBXGroup;
			children = (
				BA172CD323F6664600985BE2 /* AppleMapSampleUITests.swift */,
				BA172CD523F6664600985BE2 /* Info.plist */,
			);
			path = AppleMapSampleUITests;
			sourceTree = "<group>";
		};
/* End PBXGroup section */

/* Begin PBXNativeTarget section */
		BA172CAD23F6664400985BE2 /* AppleMapSample */ = {
			isa = PBXNativeTarget;
			buildConfigurationList = BA172CD823F6664600985BE2 /* Build configuration list for PBXNativeTarget "AppleMapSample" */;
			buildPhases = (
				BA172CAA23F6664400985BE2 /* Sources */,
				BA172CAB23F6664400985BE2 /* Frameworks */,
				BA172CAC23F6664400985BE2 /* Resources */,
			);
			buildRules = (
			);
			dependencies = (
			);
			name = AppleMapSample;
			productName = AppleMapSample;
			productReference = BA172CAE23F6664400985BE2 /* AppleMapSample.app */;
			productType = "com.apple.product-type.application";
		};
		BA172CC323F6664600985BE2 /* AppleMapSampleTests */ = {
			isa = PBXNativeTarget;
			buildConfigurationList = BA172CDB23F6664600985BE2 /* Build configuration list for PBXNativeTarget "AppleMapSampleTests" */;
			buildPhases = (
				BA172CC023F6664600985BE2 /* Sources */,
				BA172CC123F6664600985BE2 /* Frameworks */,
				BA172CC223F6664600985BE2 /* Resources */,
			);
			buildRules = (
			);
			dependencies = (
				BA172CC623F6664600985BE2 /* PBXTargetDependency */,
			);
			name = AppleMapSampleTests;
			productName = AppleMapSampleTests;
			productReference = BA172CC423F6664600985BE2 /* AppleMapSampleTests.xctest */;
			productType = "com.apple.product-type.bundle.unit-test";
		};
		BA172CCE23F6664600985BE2 /* AppleMapSampleUITests */ = {
			isa = PBXNativeTarget;
			buildConfigurationList = BA172CDE23F6664600985BE2 /* Build configuration list for PBXNativeTarget "AppleMapSampleUITests" */;
			buildPhases = (
				BA172CCB23F6664600985BE2 /* Sources */,
				BA172CCC23F6664600985BE2 /* Frameworks */,
				BA172CCD23F6664600985BE2 /* Resources */,
			);
			buildRules = (
			);
			dependencies = (
				BA172CD123F6664600985BE2 /* PBXTargetDependency */,
			);
			name = AppleMapSampleUITests;
			productName = AppleMapSampleUITests;
			productReference = BA172CCF23F6664600985BE2 /* AppleMapSampleUITests.xctest */;
			productType = "com.apple.product-type.bundle.ui-testing";
		};
/* End PBXNativeTarget section */

/* Begin PBXProject section */
		BA172CA623F6664400985BE2 /* Project object */ = {
			isa = PBXProject;
			attributes = {
				LastSwiftUpdateCheck = 1130;
				LastUpgradeCheck = 1130;
				ORGANIZATIONNAME = themselves;
				TargetAttributes = {
					BA172CAD23F6664400985BE2 = {
						CreatedOnToolsVersion = 11.3.1;
					};
					BA172CC323F6664600985BE2 = {
						CreatedOnToolsVersion = 11.3.1;
						TestTargetID = BA172CAD23F6664400985BE2;
					};
					BA172CCE23F6664600985BE2 = {
						CreatedOnToolsVersion = 11.3.1;
						TestTargetID = BA172CAD23F6664400985BE2;
					};
				};
			};
			buildConfigurationList = BA172CA923F6664400985BE2 /* Build configuration list for PBXProject "AppleMapSample" */;
			compatibilityVersion = "Xcode 9.3";
			developmentRegion = en;
			hasScannedForEncodings = 0;
			knownRegions = (
				en,
				Base,
			);
			mainGroup = BA172CA523F6664400985BE2;
			productRefGroup = BA172CAF23F6664400985BE2 /* Products */;
			projectDirPath = "";
			projectRoot = "";
			targets = (
				BA172CAD23F6664400985BE2 /* AppleMapSample */,
				BA172CC323F6664600985BE2 /* AppleMapSampleTests */,
				BA172CCE23F6664600985BE2 /* AppleMapSampleUITests */,
			);
		};
/* End PBXProject section */

/* Begin PBXResourcesBuildPhase section */
		BA172CAC23F6664400985BE2 /* Resources */ = {
			isa = PBXResourcesBuildPhase;
			buildActionMask = 2147483647;
			files = (
				BA172CBE23F6664500985BE2 /* LaunchScreen.storyboard in Resources */,
				BA172CBB23F6664500985BE2 /* Preview Assets.xcassets in Resources */,
				BA172CB823F6664500985BE2 /* Assets.xcassets in Resources */,
			);
			runOnlyForDeploymentPostprocessing = 0;
		};
		BA172CC223F6664600985BE2 /* Resources */ = {
			isa = PBXResourcesBuildPhase;
			buildActionMask = 2147483647;
			files = (
			);
			runOnlyForDeploymentPostprocessing = 0;
		};
		BA172CCD23F6664600985BE2 /* Resources */ = {
			isa = PBXResourcesBuildPhase;
			buildActionMask = 2147483647;
			files = (
			);
			runOnlyForDeploymentPostprocessing = 0;
		};
/* End PBXResourcesBuildPhase section */

/* Begin PBXSourcesBuildPhase section */
		BA172CAA23F6664400985BE2 /* Sources */ = {
			isa = PBXSourcesBuildPhase;
			buildActionMask = 2147483647;
			files = (
				BA172CB223F6664400985BE2 /* AppDelegate.swift in Sources */,
				BA172CB423F6664400985BE2 /* SceneDelegate.swift in Sources */,
				BA172CB623F6664400985BE2 /* ContentView.swift in Sources */,
			);
			runOnlyForDeploymentPostprocessing = 0;
		};
		BA172CC023F6664600985BE2 /* Sources */ = {
			isa = PBXSourcesBuildPhase;
			buildActionMask = 2147483647;
			files = (
				BA172CC923F6664600985BE2 /* AppleMapSampleTests.swift in Sources */,
			);
			runOnlyForDeploymentPostprocessing = 0;
		};
		BA172CCB23F6664600985BE2 /* Sources */ = {
			isa = PBXSourcesBuildPhase;
			buildActionMask = 2147483647;
			files = (
				BA172CD423F6664600985BE2 /* AppleMapSampleUITests.swift in Sources */,
			);
			runOnlyForDeploymentPostprocessing = 0;
		};
/* End PBXSourcesBuildPhase section */

/* Begin PBXTargetDependency section */
		BA172CC623F6664600985BE2 /* PBXTargetDependency */ = {
			isa = PBXTargetDependency;
			target = BA172CAD23F6664400985BE2 /* AppleMapSample */;
			targetProxy = BA172CC523F6664600985BE2 /* PBXContainerItemProxy */;
		};
		BA172CD123F6664600985BE2 /* PBXTargetDependency */ = {
			isa = PBXTargetDependency;
			target = BA172CAD23F6664400985BE2 /* AppleMapSample */;
			targetProxy = BA172CD023F6664600985BE2 /* PBXContainerItemProxy */;
		};
/* End PBXTargetDependency section */

/* Begin PBXVariantGroup section */
		BA172CBC23F6664500985BE2 /* LaunchScreen.storyboard */ = {
			isa = PBXVariantGroup;
			children = (
				BA172CBD23F6664500985BE2 /* Base */,
			);
			name = LaunchScreen.storyboard;
			sourceTree = "<group>";
		};
/* End PBXVariantGroup section */

/* Begin XCBuildConfiguration section */
		BA172CD623F6664600985BE2 /* Debug */ = {
			isa = XCBuildConfiguration;
			buildSettings = {
				ALWAYS_SEARCH_USER_PATHS = NO;
				CLANG_ANALYZER_NONNULL = YES;
				CLANG_ANALYZER_NUMBER_OBJECT_CONVERSION = YES_AGGRESSIVE;
				CLANG_CXX_LANGUAGE_STANDARD = "gnu++14";
				CLANG_CXX_LIBRARY = "libc++";
				CLANG_ENABLE_MODULES = YES;
				CLANG_ENABLE_OBJC_ARC = YES;
				CLANG_ENABLE_OBJC_WEAK = YES;
				CLANG_WARN_BLOCK_CAPTURE_AUTORELEASING = YES;
				CLANG_WARN_BOOL_CONVERSION = YES;
				CLANG_WARN_COMMA = YES;
				CLANG_WARN_CONSTANT_CONVERSION = YES;
				CLANG_WARN_DEPRECATED_OBJC_IMPLEMENTATIONS = YES;
				CLANG_WARN_DIRECT_OBJC_ISA_USAGE = YES_ERROR;
				CLANG_WARN_DOCUMENTATION_COMMENTS = YES;
				CLANG_WARN_EMPTY_BODY = YES;
				CLANG_WARN_ENUM_CONVERSION = YES;
				CLANG_WARN_INFINITE_RECURSION = YES;
				CLANG_WARN_INT_CONVERSION = YES;
				CLANG_WARN_NON_LITERAL_NULL_CONVERSION = YES;
				CLANG_WARN_OBJC_IMPLICIT_RETAIN_SELF = YES;
				CLANG_WARN_OBJC_LITERAL_CONVERSION = YES;
				CLANG_WARN_OBJC_ROOT_CLASS = YES_ERROR;
				CLANG_WARN_RANGE_LOOP_ANALYSIS = YES;
				CLANG_WARN_STRICT_PROTOTYPES = YES;
				CLANG_WARN_SUSPICIOUS_MOVE = YES;
				CLANG_WARN_UNGUARDED_AVAILABILITY = YES_AGGRESSIVE;
				CLANG_WARN_UNREACHABLE_CODE = YES;
				CLANG_WARN__DUPLICATE_METHOD_MATCH = YES;
				COPY_PHASE_STRIP = NO;
				DEBUG_INFORMATION_FORMAT = dwarf;
				ENABLE_STRICT_OBJC_MSGSEND = YES;
				ENABLE_TESTABILITY = YES;
				GCC_C_LANGUAGE_STANDARD = gnu11;
				GCC_DYNAMIC_NO_PIC = NO;
				GCC_NO_COMMON_BLOCKS = YES;
				GCC_OPTIMIZATION_LEVEL = 0;
				GCC_PREPROCESSOR_DEFINITIONS = (
					"DEBUG=1",
					"$(inherited)",
				);
				GCC_WARN_64_TO_32_BIT_CONVERSION = YES;
				GCC_WARN_ABOUT_RETURN_TYPE = YES_ERROR;
				GCC_WARN_UNDECLARED_SELECTOR = YES;
				GCC_WARN_UNINITIALIZED_AUTOS = YES_AGGRESSIVE;
				GCC_WARN_UNUSED_FUNCTION = YES;
				GCC_WARN_UNUSED_VARIABLE = YES;
				IPHONEOS_DEPLOYMENT_TARGET = 13.2;
				MTL_ENABLE_DEBUG_INFO = INCLUDE_SOURCE;
				MTL_FAST_MATH = YES;
				ONLY_ACTIVE_ARCH = YES;
				SDKROOT = iphoneos;
				SWIFT_ACTIVE_COMPILATION_CONDITIONS = DEBUG;
				SWIFT_OPTIMIZATION_LEVEL = "-Onone";
			};
			name = Debug;
		};
		BA172CD723F6664600985BE2 /* Release */ = {
			isa = XCBuildConfiguration;
			buildSettings = {
				ALWAYS_SEARCH_USER_PATHS = NO;
				CLANG_ANALYZER_NONNULL = YES;
				CLANG_ANALYZER_NUMBER_OBJECT_CONVERSION = YES_AGGRESSIVE;
				CLANG_CXX_LANGUAGE_STANDARD = "gnu++14";
				CLANG_CXX_LIBRARY = "libc++";
				CLANG_ENABLE_MODULES = YES;
				CLANG_ENABLE_OBJC_ARC = YES;
				CLANG_ENABLE_OBJC_WEAK = YES;
				CLANG_WARN_BLOCK_CAPTURE_AUTORELEASING = YES;
				CLANG_WARN_BOOL_CONVERSION = YES;
				CLANG_WARN_COMMA = YES;
				CLANG_WARN_CONSTANT_CONVERSION = YES;
				CLANG_WARN_DEPRECATED_OBJC_IMPLEMENTATIONS = YES;
				CLANG_WARN_DIRECT_OBJC_ISA_USAGE = YES_ERROR;
				CLANG_WARN_DOCUMENTATION_COMMENTS = YES;
				CLANG_WARN_EMPTY_BODY = YES;
				CLANG_WARN_ENUM_CONVERSION = YES;
				CLANG_WARN_INFINITE_RECURSION = YES;
				CLANG_WARN_INT_CONVERSION = YES;
				CLANG_WARN_NON_LITERAL_NULL_CONVERSION = YES;
				CLANG_WARN_OBJC_IMPLICIT_RETAIN_SELF = YES;
				CLANG_WARN_OBJC_LITERAL_CONVERSION = YES;
				CLANG_WARN_OBJC_ROOT_CLASS = YES_ERROR;
				CLANG_WARN_RANGE_LOOP_ANALYSIS = YES;
				CLANG_WARN_STRICT_PROTOTYPES = YES;
				CLANG_WARN_SUSPICIOUS_MOVE = YES;
				CLANG_WARN_UNGUARDED_AVAILABILITY = YES_AGGRESSIVE;
				CLANG_WARN_UNREACHABLE_CODE = YES;
				CLANG_WARN__DUPLICATE_METHOD_MATCH = YES;
				COPY_PHASE_STRIP = NO;
				DEBUG_INFORMATION_FORMAT = "dwarf-with-dsym";
				ENABLE_NS_ASSERTIONS = NO;
				ENABLE_STRICT_OBJC_MSGSEND = YES;
				GCC_C_LANGUAGE_STANDARD = gnu11;
				GCC_NO_COMMON_BLOCKS = YES;
				GCC_WARN_64_TO_32_BIT_CONVERSION = YES;
				GCC_WARN_ABOUT_RETURN_TYPE = YES_ERROR;
				GCC_WARN_UNDECLARED_SELECTOR = YES;
				GCC_WARN_UNINITIALIZED_AUTOS = YES_AGGRESSIVE;
				GCC_WARN_UNUSED_FUNCTION = YES;
				GCC_WARN_UNUSED_VARIABLE = YES;
				IPHONEOS_DEPLOYMENT_TARGET = 13.2;
				MTL_ENABLE_DEBUG_INFO = NO;
				MTL_FAST_MATH = YES;
				SDKROOT = iphoneos;
				SWIFT_COMPILATION_MODE = wholemodule;
				SWIFT_OPTIMIZATION_LEVEL = "-O";
				VALIDATE_PRODUCT = YES;
			};
			name = Release;
		};
		BA172CD923F6664600985BE2 /* Debug */ = {
			isa = XCBuildConfiguration;
			buildSettings = {
				ASSETCATALOG_COMPILER_APPICON_NAME = AppIcon;
				CODE_SIGN_STYLE = Automatic;
				DEVELOPMENT_ASSET_PATHS = "\"AppleMapSample/Preview Content\"";
				DEVELOPMENT_TEAM = QVK4BH6599;
				ENABLE_PREVIEWS = YES;
				INFOPLIST_FILE = AppleMapSample/Info.plist;
				LD_RUNPATH_SEARCH_PATHS = (
					"$(inherited)",
					"@executable_path/Frameworks",
				);
				PRODUCT_BUNDLE_IDENTIFIER = org.themselves.alber.AppleMapSample;
				PRODUCT_NAME = "$(TARGET_NAME)";
				SWIFT_VERSION = 5.0;
				TARGETED_DEVICE_FAMILY = "1,2";
			};
			name = Debug;
		};
		BA172CDA23F6664600985BE2 /* Release */ = {
			isa = XCBuildConfiguration;
			buildSettings = {
				ASSETCATALOG_COMPILER_APPICON_NAME = AppIcon;
				CODE_SIGN_STYLE = Automatic;
				DEVELOPMENT_ASSET_PATHS = "\"AppleMapSample/Preview Content\"";
				DEVELOPMENT_TEAM = QVK4BH6599;
				ENABLE_PREVIEWS = YES;
				INFOPLIST_FILE = AppleMapSample/Info.plist;
				LD_RUNPATH_SEARCH_PATHS = (
					"$(inherited)",
					"@executable_path/Frameworks",
				);
				PRODUCT_BUNDLE_IDENTIFIER = org.themselves.alber.AppleMapSample;
				PRODUCT_NAME = "$(TARGET_NAME)";
				SWIFT_VERSION = 5.0;
				TARGETED_DEVICE_FAMILY = "1,2";
			};
			name = Release;
		};
		BA172CDC23F6664600985BE2 /* Debug */ = {
			isa = XCBuildConfiguration;
			buildSettings = {
				ALWAYS_EMBED_SWIFT_STANDARD_LIBRARIES = YES;
				BUNDLE_LOADER = "$(TEST_HOST)";
				CODE_SIGN_STYLE = Automatic;
				DEVELOPMENT_TEAM = QVK4BH6599;
				INFOPLIST_FILE = AppleMapSampleTests/Info.plist;
				IPHONEOS_DEPLOYMENT_TARGET = 13.2;
				LD_RUNPATH_SEARCH_PATHS = (
					"$(inherited)",
					"@executable_path/Frameworks",
					"@loader_path/Frameworks",
				);
				PRODUCT_BUNDLE_IDENTIFIER = org.themselves.alber.AppleMapSampleTests;
				PRODUCT_NAME = "$(TARGET_NAME)";
				SWIFT_VERSION = 5.0;
				TARGETED_DEVICE_FAMILY = "1,2";
				TEST_HOST = "$(BUILT_PRODUCTS_DIR)/AppleMapSample.app/AppleMapSample";
			};
			name = Debug;
		};
		BA172CDD23F6664600985BE2 /* Release */ = {
			isa = XCBuildConfiguration;
			buildSettings = {
				ALWAYS_EMBED_SWIFT_STANDARD_LIBRARIES = YES;
				BUNDLE_LOADER = "$(TEST_HOST)";
				CODE_SIGN_STYLE = Automatic;
				DEVELOPMENT_TEAM = QVK4BH6599;
				INFOPLIST_FILE = AppleMapSampleTests/Info.plist;
				IPHONEOS_DEPLOYMENT_TARGET = 13.2;
				LD_RUNPATH_SEARCH_PATHS = (
					"$(inherited)",
					"@executable_path/Frameworks",
					"@loader_path/Frameworks",
				);
				PRODUCT_BUNDLE_IDENTIFIER = org.themselves.alber.AppleMapSampleTests;
				PRODUCT_NAME = "$(TARGET_NAME)";
				SWIFT_VERSION = 5.0;
				TARGETED_DEVICE_FAMILY = "1,2";
				TEST_HOST = "$(BUILT_PRODUCTS_DIR)/AppleMapSample.app/AppleMapSample";
			};
			name = Release;
		};
		BA172CDF23F6664600985BE2 /* Debug */ = {
			isa = XCBuildConfiguration;
			buildSettings = {
				ALWAYS_EMBED_SWIFT_STANDARD_LIBRARIES = YES;
				CODE_SIGN_STYLE = Automatic;
				DEVELOPMENT_TEAM = QVK4BH6599;
				INFOPLIST_FILE = AppleMapSampleUITests/Info.plist;
				LD_RUNPATH_SEARCH_PATHS = (
					"$(inherited)",
					"@executable_path/Frameworks",
					"@loader_path/Frameworks",
				);
				PRODUCT_BUNDLE_IDENTIFIER = org.themselves.alber.AppleMapSampleUITests;
				PRODUCT_NAME = "$(TARGET_NAME)";
				SWIFT_VERSION = 5.0;
				TARGETED_DEVICE_FAMILY = "1,2";
				TEST_TARGET_NAME = AppleMapSample;
			};
			name = Debug;
		};
		BA172CE023F6664600985BE2 /* Release */ = {
			isa = XCBuildConfiguration;
			buildSettings = {
				ALWAYS_EMBED_SWIFT_STANDARD_LIBRARIES = YES;
				CODE_SIGN_STYLE = Automatic;
				DEVELOPMENT_TEAM = QVK4BH6599;
				INFOPLIST_FILE = AppleMapSampleUITests/Info.plist;
				LD_RUNPATH_SEARCH_PATHS = (
					"$(inherited)",
					"@executable_path/Frameworks",
					"@loader_path/Frameworks",
				);
				PRODUCT_BUNDLE_IDENTIFIER = org.themselves.alber.AppleMapSampleUITests;
				PRODUCT_NAME = "$(TARGET_NAME)";
				SWIFT_VERSION = 5.0;
				TARGETED_DEVICE_FAMILY = "1,2";
				TEST_TARGET_NAME = AppleMapSample;
			};
			name = Release;
		};
/* End XCBuildConfiguration section */

/* Begin XCConfigurationList section */
		BA172CA923F6664400985BE2 /* Build configuration list for PBXProject "AppleMapSample" */ = {
			isa = XCConfigurationList;
			buildConfigurations = (
				BA172CD623F6664600985BE2 /* Debug */,
				BA172CD723F6664600985BE2 /* Release */,
			);
			defaultConfigurationIsVisible = 0;
			defaultConfigurationName = Release;
		};
		BA172CD823F6664600985BE2 /* Build configuration list for PBXNativeTarget "AppleMapSample" */ = {
			isa = XCConfigurationList;
			buildConfigurations = (
				BA172CD923F6664600985BE2 /* Debug */,
				BA172CDA23F6664600985BE2 /* Release */,
			);
			defaultConfigurationIsVisible = 0;
			defaultConfigurationName = Release;
		};
		BA172CDB23F6664600985BE2 /* Build configuration list for PBXNativeTarget "AppleMapSampleTests" */ = {
			isa = XCConfigurationList;
			buildConfigurations = (
				BA172CDC23F6664600985BE2 /* Debug */,
				BA172CDD23F6664600985BE2 /* Release */,
			);
			defaultConfigurationIsVisible = 0;
			defaultConfigurationName = Release;
		};
		BA172CDE23F6664600985BE2 /* Build configuration list for PBXNativeTarget "AppleMapSampleUITests" */ = {
			isa = XCConfigurationList;
			buildConfigurations = (
				BA172CDF23F6664600985BE2 /* Debug */,
				BA172CE023F6664600985BE2 /* Release */,
			);
			defaultConfigurationIsVisible = 0;
			defaultConfigurationName = Release;
		};
/* End XCConfigurationList section */
	};
	rootObject = BA172CA623F6664400985BE2 /* Project object */;
}
